# This file was autogenerated by Stack.
# You should not edit this file by hand.
# For more information, please see the documentation at:
#   https://docs.haskellstack.org/en/stable/lock_files

packages:
- completed:
    hackage: rel8-1.0.0.1@sha256:44a53e2c9b295da0c4659f335f8b3e7ddbe9564727e247a1a1c616dc6d089812,5059
    pantry-tree:
      size: 8721
      sha256: 9b715c4dba46d2f8387507a04ea95205dc56e98660555a23b28a4550d7b40840
  original:
    hackage: rel8-1.0.0.1
- completed:
    hackage: hasql-1.4.5.1@sha256:1d202eeb12a409c1d7f75c5440780ff3caed2cd8f470ec80f01748e0b9e388f0,6581
    pantry-tree:
      size: 2567
      sha256: 98e50d3d938e4f62fd60d686e70622bc3da689734bf2e00b2e94fcb501b4c6ed
  original:
    hackage: hasql-1.4.5.1
- completed:
    hackage: servant-auth-0.4.0.0@sha256:f913100ce607365e37570d08e8c72e48dce8789950f92f4fd9c689eac8af00c3,2185
    pantry-tree:
      size: 332
      sha256: b08b3042bcec9884ea80098ef0f528be166c5ddcea9651c1fe70b3f584b015c7
  original:
    hackage: servant-auth-0.4.0.0
- completed:
    hackage: servant-auth-server-0.4.6.0@sha256:dc376c76780259cb8d4850179bb456c3fcd057a97c62e260214b7111b4755a45,5254
    pantry-tree:
      size: 1376
      sha256: 7fad68f290c5933e88bf6ed0da2b4cdcd6b9a43fdf71dea571c0dee0ace51da8
  original:
    hackage: servant-auth-server-0.4.6.0
snapshots:
- completed:
    size: 585393
    url: https://mirrors.tuna.tsinghua.edu.cn/stackage/stackage-snapshots/lts/18/0.yaml
    sha256: c632012da648385b9fa3c29f4e0afd56ead299f1c5528ee789058be410e883c0
  original: lts-18.0
