# This file was autogenerated by Stack.
# You should not edit this file by hand.
# For more information, please see the documentation at:
#   https://docs.haskellstack.org/en/stable/lock_files

packages:
- completed:
    hackage: rel8-1.1.0.0@sha256:c31ad1bfbd7446ccbe39075d66dc89c8de3b3788c144247c9de269cfc55e1428,5023
    pantry-tree:
      size: 9096
      sha256: 11aca3bab6462b5997acb4a9969625e839d5369ff1c7cb687db86a729d5b4c00
  original:
    hackage: rel8-1.1.0.0
- completed:
    hackage: hasql-1.4.5.1@sha256:1d202eeb12a409c1d7f75c5440780ff3caed2cd8f470ec80f01748e0b9e388f0,6581
    pantry-tree:
      size: 2567
      sha256: 98e50d3d938e4f62fd60d686e70622bc3da689734bf2e00b2e94fcb501b4c6ed
  original:
    hackage: hasql-1.4.5.1
- completed:
    hackage: hasql-migration-0.3.0@sha256:6ca4cc6c89834bb79eb9f15b504774043b5b3994336bd86a9d79e59da6d54963,2799
    pantry-tree:
      size: 589
      sha256: 55e3dfca36ffe0d11e1c42bce446e3cc1d5b9a4983e196ec99c650c8b4268845
  original:
    hackage: hasql-migration-0.3.0
- completed:
    hackage: servant-auth-0.4.0.0@sha256:f913100ce607365e37570d08e8c72e48dce8789950f92f4fd9c689eac8af00c3,2185
    pantry-tree:
      size: 332
      sha256: b08b3042bcec9884ea80098ef0f528be166c5ddcea9651c1fe70b3f584b015c7
  original:
    hackage: servant-auth-0.4.0.0
- completed:
    hackage: servant-auth-server-0.4.6.0@sha256:dc376c76780259cb8d4850179bb456c3fcd057a97c62e260214b7111b4755a45,5254
    pantry-tree:
      size: 1376
      sha256: 7fad68f290c5933e88bf6ed0da2b4cdcd6b9a43fdf71dea571c0dee0ace51da8
  original:
    hackage: servant-auth-server-0.4.6.0
snapshots:
- completed:
    size: 585817
    url: https://mirrors.tuna.tsinghua.edu.cn/stackage/stackage-snapshots/lts/18/5.yaml
    sha256: 22d24d0dacad9c1450b9a174c28d203f9bb482a2a8da9710a2f2a9f4afee2887
  original: lts-18.5
